// !$*UTF8*$!
{
	archiveVersion = 1;
	classes = {
	};
	objectVersion = 50;
	objects = {

/* Begin PBXBuildFile section */
		5ECEA3DD22684495003D0378 /* Item.swift in Sources */ = {isa = PBXBuildFile; fileRef = 5ECEA3DC22684495003D0378 /* Item.swift */; };
		5ECEA3DF226844A5003D0378 /* Category.swift in Sources */ = {isa = PBXBuildFile; fileRef = 5ECEA3DE226844A5003D0378 /* Category.swift */; };
		5ECFA007225783050031939A /* AppDelegate.swift in Sources */ = {isa = PBXBuildFile; fileRef = 5ECFA006225783050031939A /* AppDelegate.swift */; };
		5ECFA009225783050031939A /* SchedulerViewController.swift in Sources */ = {isa = PBXBuildFile; fileRef = 5ECFA008225783050031939A /* SchedulerViewController.swift */; };
		5ECFA00C225783050031939A /* Main.storyboard in Resources */ = {isa = PBXBuildFile; fileRef = 5ECFA00A225783050031939A /* Main.storyboard */; };
		5ECFA00E225783060031939A /* Assets.xcassets in Resources */ = {isa = PBXBuildFile; fileRef = 5ECFA00D225783060031939A /* Assets.xcassets */; };
		5ECFA011225783060031939A /* LaunchScreen.storyboard in Resources */ = {isa = PBXBuildFile; fileRef = 5ECFA00F225783060031939A /* LaunchScreen.storyboard */; };
		5ED25A3C22678072003E9701 /* CategoryTableViewController.swift in Sources */ = {isa = PBXBuildFile; fileRef = 5ED25A3B22678072003E9701 /* CategoryTableViewController.swift */; };
		5EF8BA282268ADAE00BA499D /* SwipeTableViewController.swift in Sources */ = {isa = PBXBuildFile; fileRef = 5EF8BA272268ADAE00BA499D /* SwipeTableViewController.swift */; };
		833D287F982BCA7DEF8ADA3C /* Pods_Scheduler.framework in Frameworks */ = {isa = PBXBuildFile; fileRef = B634D9A66ED2243F27FFDD72 /* Pods_Scheduler.framework */; };
/* End PBXBuildFile section */

/* Begin PBXFileReference section */
		5ECEA3DC22684495003D0378 /* Item.swift */ = {isa = PBXFileReference; lastKnownFileType = sourcecode.swift; path = Item.swift; sourceTree = "<group>"; };
		5ECEA3DE226844A5003D0378 /* Category.swift */ = {isa = PBXFileReference; lastKnownFileType = sourcecode.swift; path = Category.swift; sourceTree = "<group>"; };
		5ECFA003225783050031939A /* Scheduler.app */ = {isa = PBXFileReference; explicitFileType = wrapper.application; includeInIndex = 0; path = Scheduler.app; sourceTree = BUILT_PRODUCTS_DIR; };
		5ECFA006225783050031939A /* AppDelegate.swift */ = {isa = PBXFileReference; lastKnownFileType = sourcecode.swift; path = AppDelegate.swift; sourceTree = "<group>"; };
		5ECFA008225783050031939A /* SchedulerViewController.swift */ = {isa = PBXFileReference; lastKnownFileType = sourcecode.swift; path = SchedulerViewController.swift; sourceTree = "<group>"; };
		5ECFA00B225783050031939A /* Base */ = {isa = PBXFileReference; lastKnownFileType = file.storyboard; name = Base; path = Base.lproj/Main.storyboard; sourceTree = "<group>"; };
		5ECFA00D225783060031939A /* Assets.xcassets */ = {isa = PBXFileReference; lastKnownFileType = folder.assetcatalog; path = Assets.xcassets; sourceTree = "<group>"; };
		5ECFA010225783060031939A /* Base */ = {isa = PBXFileReference; lastKnownFileType = file.storyboard; name = Base; path = Base.lproj/LaunchScreen.storyboard; sourceTree = "<group>"; };
		5ECFA012225783060031939A /* Info.plist */ = {isa = PBXFileReference; lastKnownFileType = text.plist.xml; path = Info.plist; sourceTree = "<group>"; };
		5ED25A3B22678072003E9701 /* CategoryTableViewController.swift */ = {isa = PBXFileReference; lastKnownFileType = sourcecode.swift; path = CategoryTableViewController.swift; sourceTree = "<group>"; };
		5EF8BA272268ADAE00BA499D /* SwipeTableViewController.swift */ = {isa = PBXFileReference; lastKnownFileType = sourcecode.swift; path = SwipeTableViewController.swift; sourceTree = "<group>"; };
		9BA0ECA3DEDF24589386F1B6 /* Pods-Scheduler.debug.xcconfig */ = {isa = PBXFileReference; includeInIndex = 1; lastKnownFileType = text.xcconfig; name = "Pods-Scheduler.debug.xcconfig"; path = "Pods/Target Support Files/Pods-Scheduler/Pods-Scheduler.debug.xcconfig"; sourceTree = "<group>"; };
		B634D9A66ED2243F27FFDD72 /* Pods_Scheduler.framework */ = {isa = PBXFileReference; explicitFileType = wrapper.framework; includeInIndex = 0; path = Pods_Scheduler.framework; sourceTree = BUILT_PRODUCTS_DIR; };
		D1EB6BB55E12218EFF14319E /* Pods-Scheduler.release.xcconfig */ = {isa = PBXFileReference; includeInIndex = 1; lastKnownFileType = text.xcconfig; name = "Pods-Scheduler.release.xcconfig"; path = "Pods/Target Support Files/Pods-Scheduler/Pods-Scheduler.release.xcconfig"; sourceTree = "<group>"; };
/* End PBXFileReference section */

/* Begin PBXFrameworksBuildPhase section */
		5ECFA000225783050031939A /* Frameworks */ = {
			isa = PBXFrameworksBuildPhase;
			buildActionMask = 2147483647;
			files = (
				833D287F982BCA7DEF8ADA3C /* Pods_Scheduler.framework in Frameworks */,
			);
			runOnlyForDeploymentPostprocessing = 0;
		};
/* End PBXFrameworksBuildPhase section */

/* Begin PBXGroup section */
		3ADF275B3FAEC633D2121886 /* Pods */ = {
			isa = PBXGroup;
			children = (
				9BA0ECA3DEDF24589386F1B6 /* Pods-Scheduler.debug.xcconfig */,
				D1EB6BB55E12218EFF14319E /* Pods-Scheduler.release.xcconfig */,
			);
			name = Pods;
			sourceTree = "<group>";
		};
		50BB9069E7AB619CEDBEA70F /* Frameworks */ = {
			isa = PBXGroup;
			children = (
				B634D9A66ED2243F27FFDD72 /* Pods_Scheduler.framework */,
			);
			name = Frameworks;
			sourceTree = "<group>";
		};
		5E4B6C1F2258CD74002A729C /* Data Model */ = {
			isa = PBXGroup;
			children = (
				5ECEA3DE226844A5003D0378 /* Category.swift */,
				5ECEA3DC22684495003D0378 /* Item.swift */,
			);
			path = "Data Model";
			sourceTree = "<group>";
		};
		5E4B6C202258CD82002A729C /* Controller */ = {
			isa = PBXGroup;
			children = (
				5ED25A3B22678072003E9701 /* CategoryTableViewController.swift */,
				5ECFA008225783050031939A /* SchedulerViewController.swift */,
				5EF8BA272268ADAE00BA499D /* SwipeTableViewController.swift */,
			);
			path = Controller;
			sourceTree = "<group>";
		};
		5E4B6C212258CD8E002A729C /* View */ = {
			isa = PBXGroup;
			children = (
				5ECFA00A225783050031939A /* Main.storyboard */,
			);
			path = View;
			sourceTree = "<group>";
		};
		5E4B6C222258CD99002A729C /* Supporting Files */ = {
			isa = PBXGroup;
			children = (
				5ECFA00D225783060031939A /* Assets.xcassets */,
				5ECFA00F225783060031939A /* LaunchScreen.storyboard */,
			);
			path = "Supporting Files";
			sourceTree = "<group>";
		};
		5ECF9FFA225783040031939A = {
			isa = PBXGroup;
			children = (
				5ECFA005225783050031939A /* Scheduler */,
				5ECFA004225783050031939A /* Products */,
				3ADF275B3FAEC633D2121886 /* Pods */,
				50BB9069E7AB619CEDBEA70F /* Frameworks */,
			);
			sourceTree = "<group>";
		};
		5ECFA004225783050031939A /* Products */ = {
			isa = PBXGroup;
			children = (
				5ECFA003225783050031939A /* Scheduler.app */,
			);
			name = Products;
			sourceTree = "<group>";
		};
		5ECFA005225783050031939A /* Scheduler */ = {
			isa = PBXGroup;
			children = (
				5ECFA006225783050031939A /* AppDelegate.swift */,
				5E4B6C202258CD82002A729C /* Controller */,
				5E4B6C1F2258CD74002A729C /* Data Model */,
				5E4B6C212258CD8E002A729C /* View */,
				5E4B6C222258CD99002A729C /* Supporting Files */,
				5ECFA012225783060031939A /* Info.plist */,
			);
			path = Scheduler;
			sourceTree = "<group>";
		};
/* End PBXGroup section */

/* Begin PBXNativeTarget section */
		5ECFA002225783050031939A /* Scheduler */ = {
			isa = PBXNativeTarget;
			buildConfigurationList = 5ECFA015225783060031939A /* Build configuration list for PBXNativeTarget "Scheduler" */;
			buildPhases = (
				A247BFFD0346EC7A7171A54E /* [CP] Check Pods Manifest.lock */,
				5ECF9FFF225783050031939A /* Sources */,
				5ECFA000225783050031939A /* Frameworks */,
				5ECFA001225783050031939A /* Resources */,
				6A4B0867304163D271A80A09 /* [CP] Embed Pods Frameworks */,
			);
			buildRules = (
			);
			dependencies = (
			);
			name = Scheduler;
			productName = Scheduler;
			productReference = 5ECFA003225783050031939A /* Scheduler.app */;
			productType = "com.apple.product-type.application";
		};
/* End PBXNativeTarget section */

/* Begin PBXProject section */
		5ECF9FFB225783040031939A /* Project object */ = {
			isa = PBXProject;
			attributes = {
				LastSwiftUpdateCheck = 1010;
				LastUpgradeCheck = 1010;
				ORGANIZATIONNAME = "George James Manayath";
				TargetAttributes = {
					5ECFA002225783050031939A = {
						CreatedOnToolsVersion = 10.1;
					};
				};
			};
			buildConfigurationList = 5ECF9FFE225783040031939A /* Build configuration list for PBXProject "Scheduler" */;
			compatibilityVersion = "Xcode 9.3";
			developmentRegion = en;
			hasScannedForEncodings = 0;
			knownRegions = (
				en,
				Base,
			);
			mainGroup = 5ECF9FFA225783040031939A;
			productRefGroup = 5ECFA004225783050031939A /* Products */;
			projectDirPath = "";
			projectRoot = "";
			targets = (
				5ECFA002225783050031939A /* Scheduler */,
			);
		};
/* End PBXProject section */

/* Begin PBXResourcesBuildPhase section */
		5ECFA001225783050031939A /* Resources */ = {
			isa = PBXResourcesBuildPhase;
			buildActionMask = 2147483647;
			files = (
				5ECFA011225783060031939A /* LaunchScreen.storyboard in Resources */,
				5ECFA00E225783060031939A /* Assets.xcassets in Resources */,
				5ECFA00C225783050031939A /* Main.storyboard in Resources */,
			);
			runOnlyForDeploymentPostprocessing = 0;
		};
/* End PBXResourcesBuildPhase section */

/* Begin PBXShellScriptBuildPhase section */
		6A4B0867304163D271A80A09 /* [CP] Embed Pods Frameworks */ = {
			isa = PBXShellScriptBuildPhase;
			buildActionMask = 2147483647;
			files = (
			);
			inputFileListPaths = (
			);
			inputPaths = (
				"${SRCROOT}/Pods/Target Support Files/Pods-Scheduler/Pods-Scheduler-frameworks.sh",
				"${BUILT_PRODUCTS_DIR}/ChameleonFramework/ChameleonFramework.framework",
				"${BUILT_PRODUCTS_DIR}/Realm/Realm.framework",
				"${BUILT_PRODUCTS_DIR}/RealmSwift/RealmSwift.framework",
				"${BUILT_PRODUCTS_DIR}/SwipeCellKit/SwipeCellKit.framework",
			);
			name = "[CP] Embed Pods Frameworks";
			outputFileListPaths = (
			);
			outputPaths = (
				"${TARGET_BUILD_DIR}/${FRAMEWORKS_FOLDER_PATH}/ChameleonFramework.framework",
				"${TARGET_BUILD_DIR}/${FRAMEWORKS_FOLDER_PATH}/Realm.framework",
				"${TARGET_BUILD_DIR}/${FRAMEWORKS_FOLDER_PATH}/RealmSwift.framework",
				"${TARGET_BUILD_DIR}/${FRAMEWORKS_FOLDER_PATH}/SwipeCellKit.framework",
			);
			runOnlyForDeploymentPostprocessing = 0;
			shellPath = /bin/sh;
			shellScript = "\"${SRCROOT}/Pods/Target Support Files/Pods-Scheduler/Pods-Scheduler-frameworks.sh\"\n";
			showEnvVarsInLog = 0;
		};
		A247BFFD0346EC7A7171A54E /* [CP] Check Pods Manifest.lock */ = {
			isa = PBXShellScriptBuildPhase;
			buildActionMask = 2147483647;
			files = (
			);
			inputFileListPaths = (
			);
			inputPaths = (
				"${PODS_PODFILE_DIR_PATH}/Podfile.lock",
				"${PODS_ROOT}/Manifest.lock",
			);
			name = "[CP] Check Pods Manifest.lock";
			outputFileListPaths = (
			);
			outputPaths = (
				"$(DERIVED_FILE_DIR)/Pods-Scheduler-checkManifestLockResult.txt",
			);
			runOnlyForDeploymentPostprocessing = 0;
			shellPath = /bin/sh;
			shellScript = "diff \"${PODS_PODFILE_DIR_PATH}/Podfile.lock\" \"${PODS_ROOT}/Manifest.lock\" > /dev/null\nif [ $? != 0 ] ; then\n    # print error to STDERR\n    echo \"error: The sandbox is not in sync with the Podfile.lock. Run 'pod install' or update your CocoaPods installation.\" >&2\n    exit 1\nfi\n# This output is used by Xcode 'outputs' to avoid re-running this script phase.\necho \"SUCCESS\" > \"${SCRIPT_OUTPUT_FILE_0}\"\n";
			showEnvVarsInLog = 0;
		};
/* End PBXShellScriptBuildPhase section */

/* Begin PBXSourcesBuildPhase section */
		5ECF9FFF225783050031939A /* Sources */ = {
			isa = PBXSourcesBuildPhase;
			buildActionMask = 2147483647;
			files = (
				5ECEA3DD22684495003D0378 /* Item.swift in Sources */,
				5ECFA009225783050031939A /* SchedulerViewController.swift in Sources */,
				5ECFA007225783050031939A /* AppDelegate.swift in Sources */,
				5ED25A3C22678072003E9701 /* CategoryTableViewController.swift in Sources */,
				5EF8BA282268ADAE00BA499D /* SwipeTableViewController.swift in Sources */,
				5ECEA3DF226844A5003D0378 /* Category.swift in Sources */,
			);
			runOnlyForDeploymentPostprocessing = 0;
		};
/* End PBXSourcesBuildPhase section */

/* Begin PBXVariantGroup section */
		5ECFA00A225783050031939A /* Main.storyboard */ = {
			isa = PBXVariantGroup;
			children = (
				5ECFA00B225783050031939A /* Base */,
			);
			name = Main.storyboard;
			sourceTree = "<group>";
		};
		5ECFA00F225783060031939A /* LaunchScreen.storyboard */ = {
			isa = PBXVariantGroup;
			children = (
				5ECFA010225783060031939A /* Base */,
			);
			name = LaunchScreen.storyboard;
			sourceTree = "<group>";
		};
/* End PBXVariantGroup section */

/* Begin XCBuildConfiguration section */
		5ECFA013225783060031939A /* Debug */ = {
			isa = XCBuildConfiguration;
			buildSettings = {
				ALWAYS_SEARCH_USER_PATHS = NO;
				CLANG_ANALYZER_NONNULL = YES;
				CLANG_ANALYZER_NUMBER_OBJECT_CONVERSION = YES_AGGRESSIVE;
				CLANG_CXX_LANGUAGE_STANDARD = "gnu++14";
				CLANG_CXX_LIBRARY = "libc++";
				CLANG_ENABLE_MODULES = YES;
				CLANG_ENABLE_OBJC_ARC = YES;
				CLANG_ENABLE_OBJC_WEAK = YES;
				CLANG_WARN_BLOCK_CAPTURE_AUTORELEASING = YES;
				CLANG_WARN_BOOL_CONVERSION = YES;
				CLANG_WARN_COMMA = YES;
				CLANG_WARN_CONSTANT_CONVERSION = YES;
				CLANG_WARN_DEPRECATED_OBJC_IMPLEMENTATIONS = YES;
				CLANG_WARN_DIRECT_OBJC_ISA_USAGE = YES_ERROR;
				CLANG_WARN_DOCUMENTATION_COMMENTS = YES;
				CLANG_WARN_EMPTY_BODY = YES;
				CLANG_WARN_ENUM_CONVERSION = YES;
				CLANG_WARN_INFINITE_RECURSION = YES;
				CLANG_WARN_INT_CONVERSION = YES;
				CLANG_WARN_NON_LITERAL_NULL_CONVERSION = YES;
				CLANG_WARN_OBJC_IMPLICIT_RETAIN_SELF = YES;
				CLANG_WARN_OBJC_LITERAL_CONVERSION = YES;
				CLANG_WARN_OBJC_ROOT_CLASS = YES_ERROR;
				CLANG_WARN_RANGE_LOOP_ANALYSIS = YES;
				CLANG_WARN_STRICT_PROTOTYPES = YES;
				CLANG_WARN_SUSPICIOUS_MOVE = YES;
				CLANG_WARN_UNGUARDED_AVAILABILITY = YES_AGGRESSIVE;
				CLANG_WARN_UNREACHABLE_CODE = YES;
				CLANG_WARN__DUPLICATE_METHOD_MATCH = YES;
				CODE_SIGN_IDENTITY = "iPhone Developer";
				COPY_PHASE_STRIP = NO;
				DEBUG_INFORMATION_FORMAT = dwarf;
				ENABLE_STRICT_OBJC_MSGSEND = YES;
				ENABLE_TESTABILITY = YES;
				GCC_C_LANGUAGE_STANDARD = gnu11;
				GCC_DYNAMIC_NO_PIC = NO;
				GCC_NO_COMMON_BLOCKS = YES;
				GCC_OPTIMIZATION_LEVEL = 0;
				GCC_PREPROCESSOR_DEFINITIONS = (
					"DEBUG=1",
					"$(inherited)",
				);
				GCC_WARN_64_TO_32_BIT_CONVERSION = YES;
				GCC_WARN_ABOUT_RETURN_TYPE = YES_ERROR;
				GCC_WARN_UNDECLARED_SELECTOR = YES;
				GCC_WARN_UNINITIALIZED_AUTOS = YES_AGGRESSIVE;
				GCC_WARN_UNUSED_FUNCTION = YES;
				GCC_WARN_UNUSED_VARIABLE = YES;
				IPHONEOS_DEPLOYMENT_TARGET = 12.1;
				MTL_ENABLE_DEBUG_INFO = INCLUDE_SOURCE;
				MTL_FAST_MATH = YES;
				ONLY_ACTIVE_ARCH = YES;
				SDKROOT = iphoneos;
				SWIFT_ACTIVE_COMPILATION_CONDITIONS = DEBUG;
				SWIFT_OPTIMIZATION_LEVEL = "-Onone";
			};
			name = Debug;
		};
		5ECFA014225783060031939A /* Release */ = {
			isa = XCBuildConfiguration;
			buildSettings = {
				ALWAYS_SEARCH_USER_PATHS = NO;
				CLANG_ANALYZER_NONNULL = YES;
				CLANG_ANALYZER_NUMBER_OBJECT_CONVERSION = YES_AGGRESSIVE;
				CLANG_CXX_LANGUAGE_STANDARD = "gnu++14";
				CLANG_CXX_LIBRARY = "libc++";
				CLANG_ENABLE_MODULES = YES;
				CLANG_ENABLE_OBJC_ARC = YES;
				CLANG_ENABLE_OBJC_WEAK = YES;
				CLANG_WARN_BLOCK_CAPTURE_AUTORELEASING = YES;
				CLANG_WARN_BOOL_CONVERSION = YES;
				CLANG_WARN_COMMA = YES;
				CLANG_WARN_CONSTANT_CONVERSION = YES;
				CLANG_WARN_DEPRECATED_OBJC_IMPLEMENTATIONS = YES;
				CLANG_WARN_DIRECT_OBJC_ISA_USAGE = YES_ERROR;
				CLANG_WARN_DOCUMENTATION_COMMENTS = YES;
				CLANG_WARN_EMPTY_BODY = YES;
				CLANG_WARN_ENUM_CONVERSION = YES;
				CLANG_WARN_INFINITE_RECURSION = YES;
				CLANG_WARN_INT_CONVERSION = YES;
				CLANG_WARN_NON_LITERAL_NULL_CONVERSION = YES;
				CLANG_WARN_OBJC_IMPLICIT_RETAIN_SELF = YES;
				CLANG_WARN_OBJC_LITERAL_CONVERSION = YES;
				CLANG_WARN_OBJC_ROOT_CLASS = YES_ERROR;
				CLANG_WARN_RANGE_LOOP_ANALYSIS = YES;
				CLANG_WARN_STRICT_PROTOTYPES = YES;
				CLANG_WARN_SUSPICIOUS_MOVE = YES;
				CLANG_WARN_UNGUARDED_AVAILABILITY = YES_AGGRESSIVE;
				CLANG_WARN_UNREACHABLE_CODE = YES;
				CLANG_WARN__DUPLICATE_METHOD_MATCH = YES;
				CODE_SIGN_IDENTITY = "iPhone Developer";
				COPY_PHASE_STRIP = NO;
				DEBUG_INFORMATION_FORMAT = "dwarf-with-dsym";
				ENABLE_NS_ASSERTIONS = NO;
				ENABLE_STRICT_OBJC_MSGSEND = YES;
				GCC_C_LANGUAGE_STANDARD = gnu11;
				GCC_NO_COMMON_BLOCKS = YES;
				GCC_WARN_64_TO_32_BIT_CONVERSION = YES;
				GCC_WARN_ABOUT_RETURN_TYPE = YES_ERROR;
				GCC_WARN_UNDECLARED_SELECTOR = YES;
				GCC_WARN_UNINITIALIZED_AUTOS = YES_AGGRESSIVE;
				GCC_WARN_UNUSED_FUNCTION = YES;
				GCC_WARN_UNUSED_VARIABLE = YES;
				IPHONEOS_DEPLOYMENT_TARGET = 12.1;
				MTL_ENABLE_DEBUG_INFO = NO;
				MTL_FAST_MATH = YES;
				SDKROOT = iphoneos;
				SWIFT_COMPILATION_MODE = wholemodule;
				SWIFT_OPTIMIZATION_LEVEL = "-O";
				VALIDATE_PRODUCT = YES;
			};
			name = Release;
		};
		5ECFA016225783060031939A /* Debug */ = {
			isa = XCBuildConfiguration;
			baseConfigurationReference = 9BA0ECA3DEDF24589386F1B6 /* Pods-Scheduler.debug.xcconfig */;
			buildSettings = {
				ASSETCATALOG_COMPILER_APPICON_NAME = AppIcon;
				CODE_SIGN_STYLE = Automatic;
				INFOPLIST_FILE = Scheduler/Info.plist;
				LD_RUNPATH_SEARCH_PATHS = (
					"$(inherited)",
					"@executable_path/Frameworks",
				);
				PRODUCT_BUNDLE_IDENTIFIER = com.georgemanayath.Scheduler;
				PRODUCT_NAME = "$(TARGET_NAME)";
				SWIFT_VERSION = 4.2;
				TARGETED_DEVICE_FAMILY = "1,2";
			};
			name = Debug;
		};
		5ECFA017225783060031939A /* Release */ = {
			isa = XCBuildConfiguration;
			baseConfigurationReference = D1EB6BB55E12218EFF14319E /* Pods-Scheduler.release.xcconfig */;
			buildSettings = {
				ASSETCATALOG_COMPILER_APPICON_NAME = AppIcon;
				CODE_SIGN_STYLE = Automatic;
				INFOPLIST_FILE = Scheduler/Info.plist;
				LD_RUNPATH_SEARCH_PATHS = (
					"$(inherited)",
					"@executable_path/Frameworks",
				);
				PRODUCT_BUNDLE_IDENTIFIER = com.georgemanayath.Scheduler;
				PRODUCT_NAME = "$(TARGET_NAME)";
				SWIFT_VERSION = 4.2;
				TARGETED_DEVICE_FAMILY = "1,2";
			};
			name = Release;
		};
/* End XCBuildConfiguration section */

/* Begin XCConfigurationList section */
		5ECF9FFE225783040031939A /* Build configuration list for PBXProject "Scheduler" */ = {
			isa = XCConfigurationList;
			buildConfigurations = (
				5ECFA013225783060031939A /* Debug */,
				5ECFA014225783060031939A /* Release */,
			);
			defaultConfigurationIsVisible = 0;
			defaultConfigurationName = Release;
		};
		5ECFA015225783060031939A /* Build configuration list for PBXNativeTarget "Scheduler" */ = {
			isa = XCConfigurationList;
			buildConfigurations = (
				5ECFA016225783060031939A /* Debug */,
				5ECFA017225783060031939A /* Release */,
			);
			defaultConfigurationIsVisible = 0;
			defaultConfigurationName = Release;
		};
/* End XCConfigurationList section */
	};
	rootObject = 5ECF9FFB225783040031939A /* Project object */;
}
